
Microsoft Visual Studio Solution File, Format Version 12.00
# Visual Studio Version 16
VisualStudioVersion = 16.0.31205.134
MinimumVisualStudioVersion = 10.0.40219.1
Project("{9A19103F-16F7-4668-BE54-9A1E7A4F7556}") = "LazuplisMei.BinarySerializer", "LazuplisMei.BinarySerializer.csproj", "{28C59A6A-82E3-4425-A925-81FAEBD68190}"
EndProject
Global
	GlobalSection(SolutionConfigurationPlatforms) = preSolution
		Debug|Any CPU = Debug|Any CPU
		Release|Any CPU = Release|Any CPU
	EndGlobalSection
	GlobalSection(ProjectConfigurationPlatforms) = postSolution
		{28C59A6A-82E3-4425-A925-81FAEBD68190}.Debug|Any CPU.ActiveCfg = Debug|Any CPU
		{28C59A6A-82E3-4425-A925-81FAEBD68190}.Debug|Any CPU.Build.0 = Debug|Any CPU
		{28C59A6A-82E3-4425-A925-81FAEBD68190}.Release|Any CPU.ActiveCfg = Release|Any CPU
		{28C59A6A-82E3-4425-A925-81FAEBD68190}.Release|Any CPU.Build.0 = Release|Any CPU
	EndGlobalSection
	GlobalSection(SolutionProperties) = preSolution
		HideSolutionNode = FALSE
	EndGlobalSection
	GlobalSection(ExtensibilityGlobals) = postSolution
		SolutionGuid = {DD031797-CBCF-4D8F-9C88-D6A474ACE5E5}
	EndGlobalSection
EndGlobal
